# THIS IS AN AUTOGENERATED FILE. DO NOT EDIT THIS FILE DIRECTLY.
# yarn lockfile v1


miniprogram-api-typings@^2.8.3-1:
  version "2.10.1"
  resolved "https://registry.npm.taobao.org/miniprogram-api-typings/download/miniprogram-api-typings-2.10.1.tgz#1fe2e48dbc0fdb9b941018ae727f0bae300888d3"
  integrity sha1-H+LkjbwP25uUEBiucn8LrjAIiNM=

typescript@^3.3.3333:
  version "3.7.5"
  resolved "https://registry.npm.taobao.org/typescript/download/typescript-3.7.5.tgz#0692e21f65fd4108b9330238aac11dd2e177a1ae"
  integrity sha1-BpLiH2X9QQi5MwI4qsEd0uF3oa4=
